// !$*UTF8*$!
{
	archiveVersion = 1;
	classes = {
	};
	objectVersion = 77;
	objects = {

/* Begin PBXBuildFile section */
		6B8FDF592F009B5600C2FB33 /* AI_HIGHLIGHT_CRASH_FIXES.md in Resources */ = {isa = PBXBuildFile; fileRef = 6B8FDF582F009B5500C2FB33 /* AI_HIGHLIGHT_CRASH_FIXES.md */; };
		6B9AC8BE2EF4446400369EF8 /* Supabase in Frameworks */ = {isa = PBXBuildFile; productRef = 6B9AC8BD2EF4446400369EF8 /* Supabase */; };
		6B9AC8C52EF44AA200369EF8 /* GoogleGenerativeAI in Frameworks */ = {isa = PBXBuildFile; productRef = 6B9AC8C42EF44AA200369EF8 /* GoogleGenerativeAI */; };
/* End PBXBuildFile section */

/* Begin PBXContainerItemProxy section */
		6BCA40C92F16E12700735204 /* PBXContainerItemProxy */ = {
			isa = PBXContainerItemProxy;
			containerPortal = 6B9AC8612EF43FBE00369EF8 /* Project object */;
			proxyType = 1;
			remoteGlobalIDString = 6B9AC8682EF43FBE00369EF8;
			remoteInfo = PolyglotReader;
		};
		6BCA410E2F16E1EB00735204 /* PBXContainerItemProxy */ = {
			isa = PBXContainerItemProxy;
			containerPortal = 6B9AC8612EF43FBE00369EF8 /* Project object */;
			proxyType = 1;
			remoteGlobalIDString = 6B9AC8682EF43FBE00369EF8;
			remoteInfo = PolyglotReader;
		};
/* End PBXContainerItemProxy section */

/* Begin PBXFileReference section */
		6B8FDF582F009B5500C2FB33 /* AI_HIGHLIGHT_CRASH_FIXES.md */ = {isa = PBXFileReference; lastKnownFileType = net.daringfireball.markdown; path = AI_HIGHLIGHT_CRASH_FIXES.md; sourceTree = "<group>"; };
		6B9AC8692EF43FBE00369EF8 /* PolyglotReader.app */ = {isa = PBXFileReference; explicitFileType = wrapper.application; includeInIndex = 0; path = PolyglotReader.app; sourceTree = BUILT_PRODUCTS_DIR; };
		6BCA40C52F16E12700735204 /* PolyglotReaderTests.xctest */ = {isa = PBXFileReference; explicitFileType = wrapper.cfbundle; includeInIndex = 0; path = PolyglotReaderTests.xctest; sourceTree = BUILT_PRODUCTS_DIR; };
		6BCA41082F16E1EB00735204 /* PolyglotReaderUİTests.xctest */ = {isa = PBXFileReference; explicitFileType = wrapper.cfbundle; includeInIndex = 0; name = "PolyglotReaderUİTests.xctest"; path = PolyglotReaderUITests.xctest; sourceTree = BUILT_PRODUCTS_DIR; };
/* End PBXFileReference section */

/* Begin PBXFileSystemSynchronizedBuildFileExceptionSet section */
		6B9AC8C72EF451DB00369EF8 /* Exceptions for "PolyglotReader" folder in "PolyglotReader" target */ = {
			isa = PBXFileSystemSynchronizedBuildFileExceptionSet;
			membershipExceptions = (
				Info.plist,
			);
			target = 6B9AC8682EF43FBE00369EF8 /* PolyglotReader */;
		};
/* End PBXFileSystemSynchronizedBuildFileExceptionSet section */

/* Begin PBXFileSystemSynchronizedRootGroup section */
		6B9AC86B2EF43FBE00369EF8 /* PolyglotReader */ = {
			isa = PBXFileSystemSynchronizedRootGroup;
			exceptions = (
				6B9AC8C72EF451DB00369EF8 /* Exceptions for "PolyglotReader" folder in "PolyglotReader" target */,
			);
			path = PolyglotReader;
			sourceTree = "<group>";
		};
		6BCA40C62F16E12700735204 /* PolyglotReaderTests */ = {
			isa = PBXFileSystemSynchronizedRootGroup;
			path = PolyglotReaderTests;
			sourceTree = "<group>";
		};
		6BCA41092F16E1EB00735204 /* PolyglotReaderUITests */ = {
			isa = PBXFileSystemSynchronizedRootGroup;
			path = PolyglotReaderUITests;
			sourceTree = "<group>";
		};
/* End PBXFileSystemSynchronizedRootGroup section */

/* Begin PBXFrameworksBuildPhase section */
		6B9AC8662EF43FBE00369EF8 /* Frameworks */ = {
			isa = PBXFrameworksBuildPhase;
			buildActionMask = 2147483647;
			files = (
				6B9AC8BE2EF4446400369EF8 /* Supabase in Frameworks */,
				6B9AC8C52EF44AA200369EF8 /* GoogleGenerativeAI in Frameworks */,
			);
			runOnlyForDeploymentPostprocessing = 0;
		};
		6BCA40C22F16E12700735204 /* Frameworks */ = {
			isa = PBXFrameworksBuildPhase;
			buildActionMask = 2147483647;
			files = (
			);
			runOnlyForDeploymentPostprocessing = 0;
		};
		6BCA41052F16E1EB00735204 /* Frameworks */ = {
			isa = PBXFrameworksBuildPhase;
			buildActionMask = 2147483647;
			files = (
			);
			runOnlyForDeploymentPostprocessing = 0;
		};
/* End PBXFrameworksBuildPhase section */

/* Begin PBXGroup section */
		6B9AC8602EF43FBE00369EF8 = {
			isa = PBXGroup;
			children = (
				6B9AC86B2EF43FBE00369EF8 /* PolyglotReader */,
				6BCA40C62F16E12700735204 /* PolyglotReaderTests */,
				6BCA41092F16E1EB00735204 /* PolyglotReaderUITests */,
				6B9AC8BC2EF4446400369EF8 /* Frameworks */,
				6B9AC86A2EF43FBE00369EF8 /* Products */,
				6B8FDF582F009B5500C2FB33 /* AI_HIGHLIGHT_CRASH_FIXES.md */,
			);
			sourceTree = "<group>";
		};
		6B9AC86A2EF43FBE00369EF8 /* Products */ = {
			isa = PBXGroup;
			children = (
				6B9AC8692EF43FBE00369EF8 /* PolyglotReader.app */,
				6BCA40C52F16E12700735204 /* PolyglotReaderTests.xctest */,
				6BCA41082F16E1EB00735204 /* PolyglotReaderUİTests.xctest */,
			);
			name = Products;
			sourceTree = "<group>";
		};
		6B9AC8BC2EF4446400369EF8 /* Frameworks */ = {
			isa = PBXGroup;
			children = (
			);
			name = Frameworks;
			sourceTree = "<group>";
		};
/* End PBXGroup section */

/* Begin PBXNativeTarget section */
		6B9AC8682EF43FBE00369EF8 /* PolyglotReader */ = {
			isa = PBXNativeTarget;
			buildConfigurationList = 6B9AC8742EF43FC000369EF8 /* Build configuration list for PBXNativeTarget "PolyglotReader" */;
			buildPhases = (
				6BC0E8472F090AE600E0CF20 /* ShellScript */,
				6B9AC8652EF43FBE00369EF8 /* Sources */,
				6B9AC8662EF43FBE00369EF8 /* Frameworks */,
				6B9AC8672EF43FBE00369EF8 /* Resources */,
			);
			buildRules = (
			);
			dependencies = (
			);
			fileSystemSynchronizedGroups = (
				6B9AC86B2EF43FBE00369EF8 /* PolyglotReader */,
			);
			name = PolyglotReader;
			packageProductDependencies = (
				6B9AC8BD2EF4446400369EF8 /* Supabase */,
				6B9AC8C42EF44AA200369EF8 /* GoogleGenerativeAI */,
			);
			productName = PolyglotReader;
			productReference = 6B9AC8692EF43FBE00369EF8 /* PolyglotReader.app */;
			productType = "com.apple.product-type.application";
		};
		6BCA40C42F16E12700735204 /* PolyglotReaderTests */ = {
			isa = PBXNativeTarget;
			buildConfigurationList = 6BCA40CB2F16E12700735204 /* Build configuration list for PBXNativeTarget "PolyglotReaderTests" */;
			buildPhases = (
				6BCA40C12F16E12700735204 /* Sources */,
				6BCA40C22F16E12700735204 /* Frameworks */,
				6BCA40C32F16E12700735204 /* Resources */,
			);
			buildRules = (
			);
			dependencies = (
				6BCA40CA2F16E12700735204 /* PBXTargetDependency */,
			);
			fileSystemSynchronizedGroups = (
				6BCA40C62F16E12700735204 /* PolyglotReaderTests */,
			);
			name = PolyglotReaderTests;
			packageProductDependencies = (
			);
			productName = PolyglotReaderTests;
			productReference = 6BCA40C52F16E12700735204 /* PolyglotReaderTests.xctest */;
			productType = "com.apple.product-type.bundle.unit-test";
		};
		6BCA41072F16E1EB00735204 /* PolyglotReaderUITests */ = {
			isa = PBXNativeTarget;
			buildConfigurationList = 6BCA41102F16E1EB00735204 /* Build configuration list for PBXNativeTarget "PolyglotReaderUITests" */;
			buildPhases = (
				6BCA41042F16E1EB00735204 /* Sources */,
				6BCA41052F16E1EB00735204 /* Frameworks */,
				6BCA41062F16E1EB00735204 /* Resources */,
			);
			buildRules = (
			);
			dependencies = (
				6BCA410F2F16E1EB00735204 /* PBXTargetDependency */,
			);
			fileSystemSynchronizedGroups = (
				6BCA41092F16E1EB00735204 /* PolyglotReaderUITests */,
			);
			name = PolyglotReaderUITests;
			packageProductDependencies = (
			);
			productName = PolyglotReaderUITests;
			productReference = 6BCA41082F16E1EB00735204 /* PolyglotReaderUİTests.xctest */;
			productType = "com.apple.product-type.bundle.ui-testing";
		};
/* End PBXNativeTarget section */

/* Begin PBXProject section */
		6B9AC8612EF43FBE00369EF8 /* Project object */ = {
			isa = PBXProject;
			attributes = {
				BuildIndependentTargetsInParallel = 1;
				LastSwiftUpdateCheck = 2620;
				LastUpgradeCheck = 2620;
				TargetAttributes = {
					6B9AC8682EF43FBE00369EF8 = {
						CreatedOnToolsVersion = 26.2;
					};
					6BCA40C42F16E12700735204 = {
						CreatedOnToolsVersion = 26.2;
						TestTargetID = 6B9AC8682EF43FBE00369EF8;
					};
					6BCA41072F16E1EB00735204 = {
						CreatedOnToolsVersion = 26.2;
						TestTargetID = 6B9AC8682EF43FBE00369EF8;
					};
				};
			};
			buildConfigurationList = 6B9AC8642EF43FBE00369EF8 /* Build configuration list for PBXProject "PolyglotReader" */;
			developmentRegion = en;
			hasScannedForEncodings = 0;
			knownRegions = (
				en,
				Base,
			);
			mainGroup = 6B9AC8602EF43FBE00369EF8;
			minimizedProjectReferenceProxies = 1;
			packageReferences = (
				6B9AC8B82EF4421300369EF8 /* XCRemoteSwiftPackageReference "supabase-swift" */,
				6B9AC8C32EF44AA200369EF8 /* XCRemoteSwiftPackageReference "generative-ai-swift" */,
			);
			preferredProjectObjectVersion = 77;
			productRefGroup = 6B9AC86A2EF43FBE00369EF8 /* Products */;
			projectDirPath = "";
			projectRoot = "";
			targets = (
				6B9AC8682EF43FBE00369EF8 /* PolyglotReader */,
				6BCA40C42F16E12700735204 /* PolyglotReaderTests */,
				6BCA41072F16E1EB00735204 /* PolyglotReaderUITests */,
			);
		};
/* End PBXProject section */

/* Begin PBXResourcesBuildPhase section */
		6B9AC8672EF43FBE00369EF8 /* Resources */ = {
			isa = PBXResourcesBuildPhase;
			buildActionMask = 2147483647;
			files = (
				6B8FDF592F009B5600C2FB33 /* AI_HIGHLIGHT_CRASH_FIXES.md in Resources */,
			);
			runOnlyForDeploymentPostprocessing = 0;
		};
		6BCA40C32F16E12700735204 /* Resources */ = {
			isa = PBXResourcesBuildPhase;
			buildActionMask = 2147483647;
			files = (
			);
			runOnlyForDeploymentPostprocessing = 0;
		};
		6BCA41062F16E1EB00735204 /* Resources */ = {
			isa = PBXResourcesBuildPhase;
			buildActionMask = 2147483647;
			files = (
			);
			runOnlyForDeploymentPostprocessing = 0;
		};
/* End PBXResourcesBuildPhase section */

/* Begin PBXShellScriptBuildPhase section */
		6BC0E8472F090AE600E0CF20 /* ShellScript */ = {
			isa = PBXShellScriptBuildPhase;
			alwaysOutOfDate = 1;
			buildActionMask = 2147483647;
			files = (
			);
			inputFileListPaths = (
			);
			inputPaths = (
			);
			outputFileListPaths = (
			);
			outputPaths = (
			);
			runOnlyForDeploymentPostprocessing = 0;
			shellPath = /bin/sh;
			shellScript = "# SwiftLint Build Phase - Errors MUST fail build\nif which swiftlint > /dev/null; then\n    swiftlint lint --config \"${SRCROOT}/.swiftlint.yml\"\nelif [ -f \"/opt/homebrew/bin/swiftlint\" ]; then\n    /opt/homebrew/bin/swiftlint lint --config \"${SRCROOT}/.swiftlint.yml\"\nelse\n    echo \"warning: SwiftLint not installed, install with: brew install swiftlint\"\nfi\n";
		};
/* End PBXShellScriptBuildPhase section */

/* Begin PBXSourcesBuildPhase section */
		6B9AC8652EF43FBE00369EF8 /* Sources */ = {
			isa = PBXSourcesBuildPhase;
			buildActionMask = 2147483647;
			files = (
			);
			runOnlyForDeploymentPostprocessing = 0;
		};
		6BCA40C12F16E12700735204 /* Sources */ = {
			isa = PBXSourcesBuildPhase;
			buildActionMask = 2147483647;
			files = (
			);
			runOnlyForDeploymentPostprocessing = 0;
		};
		6BCA41042F16E1EB00735204 /* Sources */ = {
			isa = PBXSourcesBuildPhase;
			buildActionMask = 2147483647;
			files = (
			);
			runOnlyForDeploymentPostprocessing = 0;
		};
/* End PBXSourcesBuildPhase section */

/* Begin PBXTargetDependency section */
		6BCA40CA2F16E12700735204 /* PBXTargetDependency */ = {
			isa = PBXTargetDependency;
			target = 6B9AC8682EF43FBE00369EF8 /* PolyglotReader */;
			targetProxy = 6BCA40C92F16E12700735204 /* PBXContainerItemProxy */;
		};
		6BCA410F2F16E1EB00735204 /* PBXTargetDependency */ = {
			isa = PBXTargetDependency;
			target = 6B9AC8682EF43FBE00369EF8 /* PolyglotReader */;
			targetProxy = 6BCA410E2F16E1EB00735204 /* PBXContainerItemProxy */;
		};
/* End PBXTargetDependency section */

/* Begin XCBuildConfiguration section */
		6B9AC8722EF43FC000369EF8 /* Debug */ = {
			isa = XCBuildConfiguration;
			buildSettings = {
				ALWAYS_SEARCH_USER_PATHS = NO;
				ASSETCATALOG_COMPILER_GENERATE_SWIFT_ASSET_SYMBOL_EXTENSIONS = YES;
				CLANG_ANALYZER_NONNULL = YES;
				CLANG_ANALYZER_NUMBER_OBJECT_CONVERSION = YES_AGGRESSIVE;
				CLANG_CXX_LANGUAGE_STANDARD = "gnu++20";
				CLANG_ENABLE_MODULES = YES;
				CLANG_ENABLE_OBJC_ARC = YES;
				CLANG_ENABLE_OBJC_WEAK = YES;
				CLANG_WARN_BLOCK_CAPTURE_AUTORELEASING = YES;
				CLANG_WARN_BOOL_CONVERSION = YES;
				CLANG_WARN_COMMA = YES;
				CLANG_WARN_CONSTANT_CONVERSION = YES;
				CLANG_WARN_DEPRECATED_OBJC_IMPLEMENTATIONS = YES;
				CLANG_WARN_DIRECT_OBJC_ISA_USAGE = YES_ERROR;
				CLANG_WARN_DOCUMENTATION_COMMENTS = YES;
				CLANG_WARN_EMPTY_BODY = YES;
				CLANG_WARN_ENUM_CONVERSION = YES;
				CLANG_WARN_INFINITE_RECURSION = YES;
				CLANG_WARN_INT_CONVERSION = YES;
				CLANG_WARN_NON_LITERAL_NULL_CONVERSION = YES;
				CLANG_WARN_OBJC_IMPLICIT_RETAIN_SELF = YES;
				CLANG_WARN_OBJC_LITERAL_CONVERSION = YES;
				CLANG_WARN_OBJC_ROOT_CLASS = YES_ERROR;
				CLANG_WARN_QUOTED_INCLUDE_IN_FRAMEWORK_HEADER = YES;
				CLANG_WARN_RANGE_LOOP_ANALYSIS = YES;
				CLANG_WARN_STRICT_PROTOTYPES = YES;
				CLANG_WARN_SUSPICIOUS_MOVE = YES;
				CLANG_WARN_UNGUARDED_AVAILABILITY = YES_AGGRESSIVE;
				CLANG_WARN_UNREACHABLE_CODE = YES;
				CLANG_WARN__DUPLICATE_METHOD_MATCH = YES;
				COPY_PHASE_STRIP = NO;
				DEBUG_INFORMATION_FORMAT = dwarf;
				ENABLE_STRICT_OBJC_MSGSEND = YES;
				ENABLE_TESTABILITY = YES;
				ENABLE_USER_SCRIPT_SANDBOXING = YES;
				GCC_C_LANGUAGE_STANDARD = gnu17;
				GCC_DYNAMIC_NO_PIC = NO;
				GCC_NO_COMMON_BLOCKS = YES;
				GCC_OPTIMIZATION_LEVEL = 0;
				GCC_PREPROCESSOR_DEFINITIONS = (
					"DEBUG=1",
					"$(inherited)",
				);
				GCC_WARN_64_TO_32_BIT_CONVERSION = YES;
				GCC_WARN_ABOUT_RETURN_TYPE = YES_ERROR;
				GCC_WARN_UNDECLARED_SELECTOR = YES;
				GCC_WARN_UNINITIALIZED_AUTOS = YES_AGGRESSIVE;
				GCC_WARN_UNUSED_FUNCTION = YES;
				GCC_WARN_UNUSED_VARIABLE = YES;
				IPHONEOS_DEPLOYMENT_TARGET = 26.2;
				LOCALIZATION_PREFERS_STRING_CATALOGS = YES;
				MTL_ENABLE_DEBUG_INFO = INCLUDE_SOURCE;
				MTL_FAST_MATH = YES;
				ONLY_ACTIVE_ARCH = YES;
				SDKROOT = iphoneos;
				SWIFT_ACTIVE_COMPILATION_CONDITIONS = "DEBUG $(inherited)";
				SWIFT_OPTIMIZATION_LEVEL = "-Onone";
			};
			name = Debug;
		};
		6B9AC8732EF43FC000369EF8 /* Release */ = {
			isa = XCBuildConfiguration;
			buildSettings = {
				ALWAYS_SEARCH_USER_PATHS = NO;
				ASSETCATALOG_COMPILER_GENERATE_SWIFT_ASSET_SYMBOL_EXTENSIONS = YES;
				CLANG_ANALYZER_NONNULL = YES;
				CLANG_ANALYZER_NUMBER_OBJECT_CONVERSION = YES_AGGRESSIVE;
				CLANG_CXX_LANGUAGE_STANDARD = "gnu++20";
				CLANG_ENABLE_MODULES = YES;
				CLANG_ENABLE_OBJC_ARC = YES;
				CLANG_ENABLE_OBJC_WEAK = YES;
				CLANG_WARN_BLOCK_CAPTURE_AUTORELEASING = YES;
				CLANG_WARN_BOOL_CONVERSION = YES;
				CLANG_WARN_COMMA = YES;
				CLANG_WARN_CONSTANT_CONVERSION = YES;
				CLANG_WARN_DEPRECATED_OBJC_IMPLEMENTATIONS = YES;
				CLANG_WARN_DIRECT_OBJC_ISA_USAGE = YES_ERROR;
				CLANG_WARN_DOCUMENTATION_COMMENTS = YES;
				CLANG_WARN_EMPTY_BODY = YES;
				CLANG_WARN_ENUM_CONVERSION = YES;
				CLANG_WARN_INFINITE_RECURSION = YES;
				CLANG_WARN_INT_CONVERSION = YES;
				CLANG_WARN_NON_LITERAL_NULL_CONVERSION = YES;
				CLANG_WARN_OBJC_IMPLICIT_RETAIN_SELF = YES;
				CLANG_WARN_OBJC_LITERAL_CONVERSION = YES;
				CLANG_WARN_OBJC_ROOT_CLASS = YES_ERROR;
				CLANG_WARN_QUOTED_INCLUDE_IN_FRAMEWORK_HEADER = YES;
				CLANG_WARN_RANGE_LOOP_ANALYSIS = YES;
				CLANG_WARN_STRICT_PROTOTYPES = YES;
				CLANG_WARN_SUSPICIOUS_MOVE = YES;
				CLANG_WARN_UNGUARDED_AVAILABILITY = YES_AGGRESSIVE;
				CLANG_WARN_UNREACHABLE_CODE = YES;
				CLANG_WARN__DUPLICATE_METHOD_MATCH = YES;
				COPY_PHASE_STRIP = NO;
				DEBUG_INFORMATION_FORMAT = "dwarf-with-dsym";
				ENABLE_NS_ASSERTIONS = NO;
				ENABLE_STRICT_OBJC_MSGSEND = YES;
				ENABLE_USER_SCRIPT_SANDBOXING = YES;
				GCC_C_LANGUAGE_STANDARD = gnu17;
				GCC_NO_COMMON_BLOCKS = YES;
				GCC_WARN_64_TO_32_BIT_CONVERSION = YES;
				GCC_WARN_ABOUT_RETURN_TYPE = YES_ERROR;
				GCC_WARN_UNDECLARED_SELECTOR = YES;
				GCC_WARN_UNINITIALIZED_AUTOS = YES_AGGRESSIVE;
				GCC_WARN_UNUSED_FUNCTION = YES;
				GCC_WARN_UNUSED_VARIABLE = YES;
				IPHONEOS_DEPLOYMENT_TARGET = 26.2;
				LOCALIZATION_PREFERS_STRING_CATALOGS = YES;
				MTL_ENABLE_DEBUG_INFO = NO;
				MTL_FAST_MATH = YES;
				SDKROOT = iphoneos;
				SWIFT_COMPILATION_MODE = wholemodule;
				VALIDATE_PRODUCT = YES;
			};
			name = Release;
		};
		6B9AC8752EF43FC000369EF8 /* Debug */ = {
			isa = XCBuildConfiguration;
			buildSettings = {
				ASSETCATALOG_COMPILER_APPICON_NAME = AppIcon;
				ASSETCATALOG_COMPILER_GLOBAL_ACCENT_COLOR_NAME = AccentColor;
				CODE_SIGN_STYLE = Automatic;
				CURRENT_PROJECT_VERSION = 1;
				DEVELOPMENT_TEAM = BM9SHU2L8V;
				ENABLE_PREVIEWS = YES;
				ENABLE_USER_SCRIPT_SANDBOXING = NO;
				GENERATE_INFOPLIST_FILE = YES;
				INFOPLIST_FILE = PolyglotReader/Info.plist;
				INFOPLIST_KEY_UIApplicationSceneManifest_Generation = YES;
				INFOPLIST_KEY_UIApplicationSupportsIndirectInputEvents = YES;
				INFOPLIST_KEY_UILaunchScreen_Generation = YES;
				INFOPLIST_KEY_UISupportedInterfaceOrientations_iPad = "UIInterfaceOrientationPortrait UIInterfaceOrientationPortraitUpsideDown UIInterfaceOrientationLandscapeLeft UIInterfaceOrientationLandscapeRight";
				INFOPLIST_KEY_UISupportedInterfaceOrientations_iPhone = "UIInterfaceOrientationPortrait UIInterfaceOrientationLandscapeLeft UIInterfaceOrientationLandscapeRight";
				IPHONEOS_DEPLOYMENT_TARGET = 16.6;
				LD_RUNPATH_SEARCH_PATHS = (
					"$(inherited)",
					"@executable_path/Frameworks",
				);
				MARKETING_VERSION = 1.0;
				PRODUCT_BUNDLE_IDENTIFIER = com.PolyglotReader;
				PRODUCT_NAME = "$(TARGET_NAME)";
				STRING_CATALOG_GENERATE_SYMBOLS = YES;
				SWIFT_APPROACHABLE_CONCURRENCY = YES;
				SWIFT_DEFAULT_ACTOR_ISOLATION = MainActor;
				SWIFT_EMIT_LOC_STRINGS = YES;
				SWIFT_UPCOMING_FEATURE_MEMBER_IMPORT_VISIBILITY = YES;
				SWIFT_VERSION = 5.0;
				TARGETED_DEVICE_FAMILY = "1,2";
			};
			name = Debug;
		};
		6B9AC8762EF43FC000369EF8 /* Release */ = {
			isa = XCBuildConfiguration;
			buildSettings = {
				ASSETCATALOG_COMPILER_APPICON_NAME = AppIcon;
				ASSETCATALOG_COMPILER_GLOBAL_ACCENT_COLOR_NAME = AccentColor;
				CODE_SIGN_STYLE = Automatic;
				CURRENT_PROJECT_VERSION = 1;
				DEVELOPMENT_TEAM = BM9SHU2L8V;
				ENABLE_PREVIEWS = YES;
				ENABLE_USER_SCRIPT_SANDBOXING = NO;
				GENERATE_INFOPLIST_FILE = YES;
				INFOPLIST_FILE = PolyglotReader/Info.plist;
				INFOPLIST_KEY_UIApplicationSceneManifest_Generation = YES;
				INFOPLIST_KEY_UIApplicationSupportsIndirectInputEvents = YES;
				INFOPLIST_KEY_UILaunchScreen_Generation = YES;
				INFOPLIST_KEY_UISupportedInterfaceOrientations_iPad = "UIInterfaceOrientationPortrait UIInterfaceOrientationPortraitUpsideDown UIInterfaceOrientationLandscapeLeft UIInterfaceOrientationLandscapeRight";
				INFOPLIST_KEY_UISupportedInterfaceOrientations_iPhone = "UIInterfaceOrientationPortrait UIInterfaceOrientationLandscapeLeft UIInterfaceOrientationLandscapeRight";
				IPHONEOS_DEPLOYMENT_TARGET = 16.6;
				LD_RUNPATH_SEARCH_PATHS = (
					"$(inherited)",
					"@executable_path/Frameworks",
				);
				MARKETING_VERSION = 1.0;
				PRODUCT_BUNDLE_IDENTIFIER = com.PolyglotReader;
				PRODUCT_NAME = "$(TARGET_NAME)";
				STRING_CATALOG_GENERATE_SYMBOLS = YES;
				SWIFT_APPROACHABLE_CONCURRENCY = YES;
				SWIFT_DEFAULT_ACTOR_ISOLATION = MainActor;
				SWIFT_EMIT_LOC_STRINGS = YES;
				SWIFT_UPCOMING_FEATURE_MEMBER_IMPORT_VISIBILITY = YES;
				SWIFT_VERSION = 5.0;
				TARGETED_DEVICE_FAMILY = "1,2";
			};
			name = Release;
		};
		6BCA40CC2F16E12700735204 /* Debug */ = {
			isa = XCBuildConfiguration;
			buildSettings = {
				BUNDLE_LOADER = "$(TEST_HOST)";
				"CODE_SIGN_IDENTITY[sdk=macosx*]" = "Apple Development";
				CODE_SIGN_STYLE = Automatic;
				CURRENT_PROJECT_VERSION = 1;
				DEVELOPMENT_TEAM = BM9SHU2L8V;
				GENERATE_INFOPLIST_FILE = YES;
				MARKETING_VERSION = 1.0;
				PRODUCT_BUNDLE_IDENTIFIER = corio.PolyglotReaderTests;
				PRODUCT_NAME = "$(TARGET_NAME)";
				STRING_CATALOG_GENERATE_SYMBOLS = NO;
				SWIFT_APPROACHABLE_CONCURRENCY = YES;
				SWIFT_EMIT_LOC_STRINGS = NO;
				SWIFT_UPCOMING_FEATURE_MEMBER_IMPORT_VISIBILITY = YES;
				SWIFT_VERSION = 5.0;
				TARGETED_DEVICE_FAMILY = "1,2";
				TEST_HOST = "$(BUILT_PRODUCTS_DIR)/PolyglotReader.app/$(BUNDLE_EXECUTABLE_FOLDER_PATH)/PolyglotReader";
			};
			name = Debug;
		};
		6BCA40CD2F16E12700735204 /* Release */ = {
			isa = XCBuildConfiguration;
			buildSettings = {
				BUNDLE_LOADER = "$(TEST_HOST)";
				"CODE_SIGN_IDENTITY[sdk=macosx*]" = "Apple Development";
				CODE_SIGN_STYLE = Automatic;
				CURRENT_PROJECT_VERSION = 1;
				DEVELOPMENT_TEAM = BM9SHU2L8V;
				GENERATE_INFOPLIST_FILE = YES;
				MARKETING_VERSION = 1.0;
				PRODUCT_BUNDLE_IDENTIFIER = corio.PolyglotReaderTests;
				PRODUCT_NAME = "$(TARGET_NAME)";
				STRING_CATALOG_GENERATE_SYMBOLS = NO;
				SWIFT_APPROACHABLE_CONCURRENCY = YES;
				SWIFT_EMIT_LOC_STRINGS = NO;
				SWIFT_UPCOMING_FEATURE_MEMBER_IMPORT_VISIBILITY = YES;
				SWIFT_VERSION = 5.0;
				TARGETED_DEVICE_FAMILY = "1,2";
				TEST_HOST = "$(BUILT_PRODUCTS_DIR)/PolyglotReader.app/$(BUNDLE_EXECUTABLE_FOLDER_PATH)/PolyglotReader";
			};
			name = Release;
		};
		6BCA41112F16E1EB00735204 /* Debug */ = {
			isa = XCBuildConfiguration;
			buildSettings = {
				"CODE_SIGN_IDENTITY[sdk=macosx*]" = "Apple Development";
				CODE_SIGN_STYLE = Automatic;
				CURRENT_PROJECT_VERSION = 1;
				DEVELOPMENT_TEAM = BM9SHU2L8V;
				GENERATE_INFOPLIST_FILE = YES;
				MARKETING_VERSION = 1.0;
				PRODUCT_BUNDLE_IDENTIFIER = "corio.PolyglotReaderUI-Tests";
				PRODUCT_NAME = "$(TARGET_NAME)";
				STRING_CATALOG_GENERATE_SYMBOLS = NO;
				SWIFT_APPROACHABLE_CONCURRENCY = YES;
				SWIFT_EMIT_LOC_STRINGS = NO;
				SWIFT_UPCOMING_FEATURE_MEMBER_IMPORT_VISIBILITY = YES;
				SWIFT_VERSION = 5.0;
				TARGETED_DEVICE_FAMILY = "1,2";
				TEST_TARGET_NAME = PolyglotReader;
			};
			name = Debug;
		};
		6BCA41122F16E1EB00735204 /* Release */ = {
			isa = XCBuildConfiguration;
			buildSettings = {
				"CODE_SIGN_IDENTITY[sdk=macosx*]" = "Apple Development";
				CODE_SIGN_STYLE = Automatic;
				CURRENT_PROJECT_VERSION = 1;
				DEVELOPMENT_TEAM = BM9SHU2L8V;
				GENERATE_INFOPLIST_FILE = YES;
				MARKETING_VERSION = 1.0;
				PRODUCT_BUNDLE_IDENTIFIER = "corio.PolyglotReaderUI-Tests";
				PRODUCT_NAME = "$(TARGET_NAME)";
				STRING_CATALOG_GENERATE_SYMBOLS = NO;
				SWIFT_APPROACHABLE_CONCURRENCY = YES;
				SWIFT_EMIT_LOC_STRINGS = NO;
				SWIFT_UPCOMING_FEATURE_MEMBER_IMPORT_VISIBILITY = YES;
				SWIFT_VERSION = 5.0;
				TARGETED_DEVICE_FAMILY = "1,2";
				TEST_TARGET_NAME = PolyglotReader;
			};
			name = Release;
		};
/* End XCBuildConfiguration section */

/* Begin XCConfigurationList section */
		6B9AC8642EF43FBE00369EF8 /* Build configuration list for PBXProject "PolyglotReader" */ = {
			isa = XCConfigurationList;
			buildConfigurations = (
				6B9AC8722EF43FC000369EF8 /* Debug */,
				6B9AC8732EF43FC000369EF8 /* Release */,
			);
			defaultConfigurationIsVisible = 0;
			defaultConfigurationName = Release;
		};
		6B9AC8742EF43FC000369EF8 /* Build configuration list for PBXNativeTarget "PolyglotReader" */ = {
			isa = XCConfigurationList;
			buildConfigurations = (
				6B9AC8752EF43FC000369EF8 /* Debug */,
				6B9AC8762EF43FC000369EF8 /* Release */,
			);
			defaultConfigurationIsVisible = 0;
			defaultConfigurationName = Release;
		};
		6BCA40CB2F16E12700735204 /* Build configuration list for PBXNativeTarget "PolyglotReaderTests" */ = {
			isa = XCConfigurationList;
			buildConfigurations = (
				6BCA40CC2F16E12700735204 /* Debug */,
				6BCA40CD2F16E12700735204 /* Release */,
			);
			defaultConfigurationIsVisible = 0;
			defaultConfigurationName = Release;
		};
		6BCA41102F16E1EB00735204 /* Build configuration list for PBXNativeTarget "PolyglotReaderUITests" */ = {
			isa = XCConfigurationList;
			buildConfigurations = (
				6BCA41112F16E1EB00735204 /* Debug */,
				6BCA41122F16E1EB00735204 /* Release */,
			);
			defaultConfigurationIsVisible = 0;
			defaultConfigurationName = Release;
		};
/* End XCConfigurationList section */

/* Begin XCRemoteSwiftPackageReference section */
		6B9AC8B82EF4421300369EF8 /* XCRemoteSwiftPackageReference "supabase-swift" */ = {
			isa = XCRemoteSwiftPackageReference;
			repositoryURL = "https://github.com/supabase-community/supabase-swift.git";
			requirement = {
				kind = upToNextMajorVersion;
				minimumVersion = 2.5.1;
			};
		};
		6B9AC8C32EF44AA200369EF8 /* XCRemoteSwiftPackageReference "generative-ai-swift" */ = {
			isa = XCRemoteSwiftPackageReference;
			repositoryURL = "https://github.com/google/generative-ai-swift.git";
			requirement = {
				kind = upToNextMajorVersion;
				minimumVersion = 0.5.6;
			};
		};
/* End XCRemoteSwiftPackageReference section */

/* Begin XCSwiftPackageProductDependency section */
		6B9AC8BD2EF4446400369EF8 /* Supabase */ = {
			isa = XCSwiftPackageProductDependency;
			package = 6B9AC8B82EF4421300369EF8 /* XCRemoteSwiftPackageReference "supabase-swift" */;
			productName = Supabase;
		};
		6B9AC8C42EF44AA200369EF8 /* GoogleGenerativeAI */ = {
			isa = XCSwiftPackageProductDependency;
			package = 6B9AC8C32EF44AA200369EF8 /* XCRemoteSwiftPackageReference "generative-ai-swift" */;
			productName = GoogleGenerativeAI;
		};
/* End XCSwiftPackageProductDependency section */
	};
	rootObject = 6B9AC8612EF43FBE00369EF8 /* Project object */;
}
